// !$*UTF8*$!
{
	archiveVersion = 1;
	classes = {
	};
	objectVersion = 56;
	objects = {

/* Begin PBXBuildFile section */
		C2C511DA2AB24BAF000A550C /* NewsPackagesApp.swift in Sources */ = {isa = PBXBuildFile; fileRef = C2C511D92AB24BAF000A550C /* NewsPackagesApp.swift */; };
		C2C511DE2AB24BB0000A550C /* Assets.xcassets in Resources */ = {isa = PBXBuildFile; fileRef = C2C511DD2AB24BB0000A550C /* Assets.xcassets */; };
		C2C511E12AB24BB0000A550C /* Preview Assets.xcassets in Resources */ = {isa = PBXBuildFile; fileRef = C2C511E02AB24BB0000A550C /* Preview Assets.xcassets */; };
		C2C512042AB25341000A550C /* NLab in Frameworks */ = {isa = PBXBuildFile; productRef = C2C512032AB25341000A550C /* NLab */; };
		C2C512082AB2536E000A550C /* PackageListView.swift in Sources */ = {isa = PBXBuildFile; fileRef = C2C512072AB2536E000A550C /* PackageListView.swift */; };
		C2C5120A2AB2537B000A550C /* PackageListViewModel.swift in Sources */ = {isa = PBXBuildFile; fileRef = C2C512092AB2537B000A550C /* PackageListViewModel.swift */; };
/* End PBXBuildFile section */

/* Begin PBXFileReference section */
		C2C511D62AB24BAF000A550C /* NewsPackages.app */ = {isa = PBXFileReference; explicitFileType = wrapper.application; includeInIndex = 0; path = NewsPackages.app; sourceTree = BUILT_PRODUCTS_DIR; };
		C2C511D92AB24BAF000A550C /* NewsPackagesApp.swift */ = {isa = PBXFileReference; lastKnownFileType = sourcecode.swift; path = NewsPackagesApp.swift; sourceTree = "<group>"; };
		C2C511DD2AB24BB0000A550C /* Assets.xcassets */ = {isa = PBXFileReference; lastKnownFileType = folder.assetcatalog; path = Assets.xcassets; sourceTree = "<group>"; };
		C2C511E02AB24BB0000A550C /* Preview Assets.xcassets */ = {isa = PBXFileReference; lastKnownFileType = folder.assetcatalog; path = "Preview Assets.xcassets"; sourceTree = "<group>"; };
		C2C512072AB2536E000A550C /* PackageListView.swift */ = {isa = PBXFileReference; lastKnownFileType = sourcecode.swift; path = PackageListView.swift; sourceTree = "<group>"; };
		C2C512092AB2537B000A550C /* PackageListViewModel.swift */ = {isa = PBXFileReference; lastKnownFileType = sourcecode.swift; path = PackageListViewModel.swift; sourceTree = "<group>"; };
/* End PBXFileReference section */

/* Begin PBXFrameworksBuildPhase section */
		C2C511D32AB24BAF000A550C /* Frameworks */ = {
			isa = PBXFrameworksBuildPhase;
			buildActionMask = 2147483647;
			files = (
				C2C512042AB25341000A550C /* NLab in Frameworks */,
			);
			runOnlyForDeploymentPostprocessing = 0;
		};
/* End PBXFrameworksBuildPhase section */

/* Begin PBXGroup section */
		C2C511CD2AB24BAF000A550C = {
			isa = PBXGroup;
			children = (
				C2C511D82AB24BAF000A550C /* NewsPackages */,
				C2C511D72AB24BAF000A550C /* Products */,
			);
			sourceTree = "<group>";
		};
		C2C511D72AB24BAF000A550C /* Products */ = {
			isa = PBXGroup;
			children = (
				C2C511D62AB24BAF000A550C /* NewsPackages.app */,
			);
			name = Products;
			sourceTree = "<group>";
		};
		C2C511D82AB24BAF000A550C /* NewsPackages */ = {
			isa = PBXGroup;
			children = (
				C2C511E72AB24BB7000A550C /* Packages */,
				C2C511DD2AB24BB0000A550C /* Assets.xcassets */,
				C2C511DF2AB24BB0000A550C /* Preview Content */,
			);
			path = NewsPackages;
			sourceTree = "<group>";
		};
		C2C511DF2AB24BB0000A550C /* Preview Content */ = {
			isa = PBXGroup;
			children = (
				C2C511E02AB24BB0000A550C /* Preview Assets.xcassets */,
			);
			path = "Preview Content";
			sourceTree = "<group>";
		};
		C2C511E72AB24BB7000A550C /* Packages */ = {
			isa = PBXGroup;
			children = (
				C2C512062AB25360000A550C /* PackageList */,
				C2C512052AB25351000A550C /* App */,
			);
			path = Packages;
			sourceTree = "<group>";
		};
		C2C512052AB25351000A550C /* App */ = {
			isa = PBXGroup;
			children = (
				C2C511D92AB24BAF000A550C /* NewsPackagesApp.swift */,
			);
			path = App;
			sourceTree = "<group>";
		};
		C2C512062AB25360000A550C /* PackageList */ = {
			isa = PBXGroup;
			children = (
				C2C512072AB2536E000A550C /* PackageListView.swift */,
				C2C512092AB2537B000A550C /* PackageListViewModel.swift */,
			);
			path = PackageList;
			sourceTree = "<group>";
		};
/* End PBXGroup section */

/* Begin PBXNativeTarget section */
		C2C511D52AB24BAF000A550C /* NewsPackages */ = {
			isa = PBXNativeTarget;
			buildConfigurationList = C2C511E42AB24BB0000A550C /* Build configuration list for PBXNativeTarget "NewsPackages" */;
			buildPhases = (
				C2C511D22AB24BAF000A550C /* Sources */,
				C2C511D32AB24BAF000A550C /* Frameworks */,
				C2C511D42AB24BAF000A550C /* Resources */,
			);
			buildRules = (
			);
			dependencies = (
			);
			name = NewsPackages;
			packageProductDependencies = (
				C2C512032AB25341000A550C /* NLab */,
			);
			productName = NewsPackages;
			productReference = C2C511D62AB24BAF000A550C /* NewsPackages.app */;
			productType = "com.apple.product-type.application";
		};
/* End PBXNativeTarget section */

/* Begin PBXProject section */
		C2C511CE2AB24BAF000A550C /* Project object */ = {
			isa = PBXProject;
			attributes = {
				BuildIndependentTargetsInParallel = 1;
				LastSwiftUpdateCheck = 1430;
				LastUpgradeCheck = 1430;
				TargetAttributes = {
					C2C511D52AB24BAF000A550C = {
						CreatedOnToolsVersion = 14.3.1;
					};
				};
			};
			buildConfigurationList = C2C511D12AB24BAF000A550C /* Build configuration list for PBXProject "NewsPackages" */;
			compatibilityVersion = "Xcode 14.0";
			developmentRegion = en;
			hasScannedForEncodings = 0;
			knownRegions = (
				en,
				Base,
			);
			mainGroup = C2C511CD2AB24BAF000A550C;
			packageReferences = (
				C2C512022AB25341000A550C /* XCRemoteSwiftPackageReference "NLab" */,
			);
			productRefGroup = C2C511D72AB24BAF000A550C /* Products */;
			projectDirPath = "";
			projectRoot = "";
			targets = (
				C2C511D52AB24BAF000A550C /* NewsPackages */,
			);
		};
/* End PBXProject section */

/* Begin PBXResourcesBuildPhase section */
		C2C511D42AB24BAF000A550C /* Resources */ = {
			isa = PBXResourcesBuildPhase;
			buildActionMask = 2147483647;
			files = (
				C2C511E12AB24BB0000A550C /* Preview Assets.xcassets in Resources */,
				C2C511DE2AB24BB0000A550C /* Assets.xcassets in Resources */,
			);
			runOnlyForDeploymentPostprocessing = 0;
		};
/* End PBXResourcesBuildPhase section */

/* Begin PBXSourcesBuildPhase section */
		C2C511D22AB24BAF000A550C /* Sources */ = {
			isa = PBXSourcesBuildPhase;
			buildActionMask = 2147483647;
			files = (
				C2C5120A2AB2537B000A550C /* PackageListViewModel.swift in Sources */,
				C2C511DA2AB24BAF000A550C /* NewsPackagesApp.swift in Sources */,
				C2C512082AB2536E000A550C /* PackageListView.swift in Sources */,
			);
			runOnlyForDeploymentPostprocessing = 0;
		};
/* End PBXSourcesBuildPhase section */

/* Begin XCBuildConfiguration section */
		C2C511E22AB24BB0000A550C /* Debug */ = {
			isa = XCBuildConfiguration;
			buildSettings = {
				ALWAYS_SEARCH_USER_PATHS = NO;
				CLANG_ANALYZER_NONNULL = YES;
				CLANG_ANALYZER_NUMBER_OBJECT_CONVERSION = YES_AGGRESSIVE;
				CLANG_CXX_LANGUAGE_STANDARD = "gnu++20";
				CLANG_ENABLE_MODULES = YES;
				CLANG_ENABLE_OBJC_ARC = YES;
				CLANG_ENABLE_OBJC_WEAK = YES;
				CLANG_WARN_BLOCK_CAPTURE_AUTORELEASING = YES;
				CLANG_WARN_BOOL_CONVERSION = YES;
				CLANG_WARN_COMMA = YES;
				CLANG_WARN_CONSTANT_CONVERSION = YES;
				CLANG_WARN_DEPRECATED_OBJC_IMPLEMENTATIONS = YES;
				CLANG_WARN_DIRECT_OBJC_ISA_USAGE = YES_ERROR;
				CLANG_WARN_DOCUMENTATION_COMMENTS = YES;
				CLANG_WARN_EMPTY_BODY = YES;
				CLANG_WARN_ENUM_CONVERSION = YES;
				CLANG_WARN_INFINITE_RECURSION = YES;
				CLANG_WARN_INT_CONVERSION = YES;
				CLANG_WARN_NON_LITERAL_NULL_CONVERSION = YES;
				CLANG_WARN_OBJC_IMPLICIT_RETAIN_SELF = YES;
				CLANG_WARN_OBJC_LITERAL_CONVERSION = YES;
				CLANG_WARN_OBJC_ROOT_CLASS = YES_ERROR;
				CLANG_WARN_QUOTED_INCLUDE_IN_FRAMEWORK_HEADER = YES;
				CLANG_WARN_RANGE_LOOP_ANALYSIS = YES;
				CLANG_WARN_STRICT_PROTOTYPES = YES;
				CLANG_WARN_SUSPICIOUS_MOVE = YES;
				CLANG_WARN_UNGUARDED_AVAILABILITY = YES_AGGRESSIVE;
				CLANG_WARN_UNREACHABLE_CODE = YES;
				CLANG_WARN__DUPLICATE_METHOD_MATCH = YES;
				COPY_PHASE_STRIP = NO;
				DEBUG_INFORMATION_FORMAT = dwarf;
				ENABLE_STRICT_OBJC_MSGSEND = YES;
				ENABLE_TESTABILITY = YES;
				GCC_C_LANGUAGE_STANDARD = gnu11;
				GCC_DYNAMIC_NO_PIC = NO;
				GCC_NO_COMMON_BLOCKS = YES;
				GCC_OPTIMIZATION_LEVEL = 0;
				GCC_PREPROCESSOR_DEFINITIONS = (
					"DEBUG=1",
					"$(inherited)",
				);
				GCC_WARN_64_TO_32_BIT_CONVERSION = YES;
				GCC_WARN_ABOUT_RETURN_TYPE = YES_ERROR;
				GCC_WARN_UNDECLARED_SELECTOR = YES;
				GCC_WARN_UNINITIALIZED_AUTOS = YES_AGGRESSIVE;
				GCC_WARN_UNUSED_FUNCTION = YES;
				GCC_WARN_UNUSED_VARIABLE = YES;
				IPHONEOS_DEPLOYMENT_TARGET = 16.4;
				MTL_ENABLE_DEBUG_INFO = INCLUDE_SOURCE;
				MTL_FAST_MATH = YES;
				ONLY_ACTIVE_ARCH = YES;
				SDKROOT = iphoneos;
				SWIFT_ACTIVE_COMPILATION_CONDITIONS = DEBUG;
				SWIFT_OPTIMIZATION_LEVEL = "-Onone";
			};
			name = Debug;
		};
		C2C511E32AB24BB0000A550C /* Release */ = {
			isa = XCBuildConfiguration;
			buildSettings = {
				ALWAYS_SEARCH_USER_PATHS = NO;
				CLANG_ANALYZER_NONNULL = YES;
				CLANG_ANALYZER_NUMBER_OBJECT_CONVERSION = YES_AGGRESSIVE;
				CLANG_CXX_LANGUAGE_STANDARD = "gnu++20";
				CLANG_ENABLE_MODULES = YES;
				CLANG_ENABLE_OBJC_ARC = YES;
				CLANG_ENABLE_OBJC_WEAK = YES;
				CLANG_WARN_BLOCK_CAPTURE_AUTORELEASING = YES;
				CLANG_WARN_BOOL_CONVERSION = YES;
				CLANG_WARN_COMMA = YES;
				CLANG_WARN_CONSTANT_CONVERSION = YES;
				CLANG_WARN_DEPRECATED_OBJC_IMPLEMENTATIONS = YES;
				CLANG_WARN_DIRECT_OBJC_ISA_USAGE = YES_ERROR;
				CLANG_WARN_DOCUMENTATION_COMMENTS = YES;
				CLANG_WARN_EMPTY_BODY = YES;
				CLANG_WARN_ENUM_CONVERSION = YES;
				CLANG_WARN_INFINITE_RECURSION = YES;
				CLANG_WARN_INT_CONVERSION = YES;
				CLANG_WARN_NON_LITERAL_NULL_CONVERSION = YES;
				CLANG_WARN_OBJC_IMPLICIT_RETAIN_SELF = YES;
				CLANG_WARN_OBJC_LITERAL_CONVERSION = YES;
				CLANG_WARN_OBJC_ROOT_CLASS = YES_ERROR;
				CLANG_WARN_QUOTED_INCLUDE_IN_FRAMEWORK_HEADER = YES;
				CLANG_WARN_RANGE_LOOP_ANALYSIS = YES;
				CLANG_WARN_STRICT_PROTOTYPES = YES;
				CLANG_WARN_SUSPICIOUS_MOVE = YES;
				CLANG_WARN_UNGUARDED_AVAILABILITY = YES_AGGRESSIVE;
				CLANG_WARN_UNREACHABLE_CODE = YES;
				CLANG_WARN__DUPLICATE_METHOD_MATCH = YES;
				COPY_PHASE_STRIP = NO;
				DEBUG_INFORMATION_FORMAT = "dwarf-with-dsym";
				ENABLE_NS_ASSERTIONS = NO;
				ENABLE_STRICT_OBJC_MSGSEND = YES;
				GCC_C_LANGUAGE_STANDARD = gnu11;
				GCC_NO_COMMON_BLOCKS = YES;
				GCC_WARN_64_TO_32_BIT_CONVERSION = YES;
				GCC_WARN_ABOUT_RETURN_TYPE = YES_ERROR;
				GCC_WARN_UNDECLARED_SELECTOR = YES;
				GCC_WARN_UNINITIALIZED_AUTOS = YES_AGGRESSIVE;
				GCC_WARN_UNUSED_FUNCTION = YES;
				GCC_WARN_UNUSED_VARIABLE = YES;
				IPHONEOS_DEPLOYMENT_TARGET = 16.4;
				MTL_ENABLE_DEBUG_INFO = NO;
				MTL_FAST_MATH = YES;
				SDKROOT = iphoneos;
				SWIFT_COMPILATION_MODE = wholemodule;
				SWIFT_OPTIMIZATION_LEVEL = "-O";
				VALIDATE_PRODUCT = YES;
			};
			name = Release;
		};
		C2C511E52AB24BB0000A550C /* Debug */ = {
			isa = XCBuildConfiguration;
			buildSettings = {
				ASSETCATALOG_COMPILER_APPICON_NAME = AppIcon;
				ASSETCATALOG_COMPILER_GLOBAL_ACCENT_COLOR_NAME = AccentColor;
				CODE_SIGN_STYLE = Automatic;
				CURRENT_PROJECT_VERSION = 1;
				DEVELOPMENT_ASSET_PATHS = "\"NewsPackages/Preview Content\"";
				DEVELOPMENT_TEAM = 5K58H4LW33;
				ENABLE_PREVIEWS = YES;
				GENERATE_INFOPLIST_FILE = YES;
				INFOPLIST_KEY_UIApplicationSceneManifest_Generation = YES;
				INFOPLIST_KEY_UIApplicationSupportsIndirectInputEvents = YES;
				INFOPLIST_KEY_UILaunchScreen_Generation = YES;
				INFOPLIST_KEY_UISupportedInterfaceOrientations_iPad = "UIInterfaceOrientationPortrait UIInterfaceOrientationPortraitUpsideDown UIInterfaceOrientationLandscapeLeft UIInterfaceOrientationLandscapeRight";
				INFOPLIST_KEY_UISupportedInterfaceOrientations_iPhone = "UIInterfaceOrientationPortrait UIInterfaceOrientationLandscapeLeft UIInterfaceOrientationLandscapeRight";
				LD_RUNPATH_SEARCH_PATHS = (
					"$(inherited)",
					"@executable_path/Frameworks",
				);
				MARKETING_VERSION = 1.0;
				PRODUCT_BUNDLE_IDENTIFIER = com.yasinkbas.NewsPackages;
				PRODUCT_NAME = "$(TARGET_NAME)";
				SWIFT_EMIT_LOC_STRINGS = YES;
				SWIFT_VERSION = 5.0;
				TARGETED_DEVICE_FAMILY = "1,2";
			};
			name = Debug;
		};
		C2C511E62AB24BB0000A550C /* Release */ = {
			isa = XCBuildConfiguration;
			buildSettings = {
				ASSETCATALOG_COMPILER_APPICON_NAME = AppIcon;
				ASSETCATALOG_COMPILER_GLOBAL_ACCENT_COLOR_NAME = AccentColor;
				CODE_SIGN_STYLE = Automatic;
				CURRENT_PROJECT_VERSION = 1;
				DEVELOPMENT_ASSET_PATHS = "\"NewsPackages/Preview Content\"";
				DEVELOPMENT_TEAM = 5K58H4LW33;
				ENABLE_PREVIEWS = YES;
				GENERATE_INFOPLIST_FILE = YES;
				INFOPLIST_KEY_UIApplicationSceneManifest_Generation = YES;
				INFOPLIST_KEY_UIApplicationSupportsIndirectInputEvents = YES;
				INFOPLIST_KEY_UILaunchScreen_Generation = YES;
				INFOPLIST_KEY_UISupportedInterfaceOrientations_iPad = "UIInterfaceOrientationPortrait UIInterfaceOrientationPortraitUpsideDown UIInterfaceOrientationLandscapeLeft UIInterfaceOrientationLandscapeRight";
				INFOPLIST_KEY_UISupportedInterfaceOrientations_iPhone = "UIInterfaceOrientationPortrait UIInterfaceOrientationLandscapeLeft UIInterfaceOrientationLandscapeRight";
				LD_RUNPATH_SEARCH_PATHS = (
					"$(inherited)",
					"@executable_path/Frameworks",
				);
				MARKETING_VERSION = 1.0;
				PRODUCT_BUNDLE_IDENTIFIER = com.yasinkbas.NewsPackages;
				PRODUCT_NAME = "$(TARGET_NAME)";
				SWIFT_EMIT_LOC_STRINGS = YES;
				SWIFT_VERSION = 5.0;
				TARGETED_DEVICE_FAMILY = "1,2";
			};
			name = Release;
		};
/* End XCBuildConfiguration section */

/* Begin XCConfigurationList section */
		C2C511D12AB24BAF000A550C /* Build configuration list for PBXProject "NewsPackages" */ = {
			isa = XCConfigurationList;
			buildConfigurations = (
				C2C511E22AB24BB0000A550C /* Debug */,
				C2C511E32AB24BB0000A550C /* Release */,
			);
			defaultConfigurationIsVisible = 0;
			defaultConfigurationName = Release;
		};
		C2C511E42AB24BB0000A550C /* Build configuration list for PBXNativeTarget "NewsPackages" */ = {
			isa = XCConfigurationList;
			buildConfigurations = (
				C2C511E52AB24BB0000A550C /* Debug */,
				C2C511E62AB24BB0000A550C /* Release */,
			);
			defaultConfigurationIsVisible = 0;
			defaultConfigurationName = Release;
		};
/* End XCConfigurationList section */

/* Begin XCRemoteSwiftPackageReference section */
		C2C512022AB25341000A550C /* XCRemoteSwiftPackageReference "NLab" */ = {
			isa = XCRemoteSwiftPackageReference;
			repositoryURL = "https://github.com/yasinkbas/NLab";
			requirement = {
				kind = upToNextMajorVersion;
				minimumVersion = 1.0.0;
			};
		};
/* End XCRemoteSwiftPackageReference section */

/* Begin XCSwiftPackageProductDependency section */
		C2C512032AB25341000A550C /* NLab */ = {
			isa = XCSwiftPackageProductDependency;
			package = C2C512022AB25341000A550C /* XCRemoteSwiftPackageReference "NLab" */;
			productName = NLab;
		};
/* End XCSwiftPackageProductDependency section */
	};
	rootObject = C2C511CE2AB24BAF000A550C /* Project object */;
}
